
Microsoft Visual Studio Solution File, Format Version 12.00
# Visual Studio Version 16
VisualStudioVersion = 16.0.29806.167
MinimumVisualStudioVersion = 10.0.40219.1
Project("{9A19103F-16F7-4668-BE54-9A1E7A4F7556}") = "Mk.FileStorage.Sample", "Mk.FileStorage.Sample\Mk.FileStorage.Sample.csproj", "{8F311D91-4943-40DF-BC90-6E1A08E21989}"
EndProject
Project("{9A19103F-16F7-4668-BE54-9A1E7A4F7556}") = "Mk.FileStorage", "Mk.FileStorage\Mk.FileStorage.csproj", "{65103A0C-D804-4655-89CE-E45D76E94DB3}"
EndProject
Project("{9A19103F-16F7-4668-BE54-9A1E7A4F7556}") = "Mk.FileStorage.Azure", "Mk.FileStorage.Azure\Mk.FileStorage.Azure.csproj", "{D0272454-D4BF-40E7-9729-9F106EB51587}"
EndProject
Project("{FAE04EC0-301F-11D3-BF4B-00C04F79EFBC}") = "Mk.FileStorage.AspNetCore", "Mk.FileStorage.AspNetCore\Mk.FileStorage.AspNetCore.csproj", "{81518F97-6D92-4FD5-A343-CEC67A1F72F5}"
EndProject
Global
	GlobalSection(SolutionConfigurationPlatforms) = preSolution
		Debug|Any CPU = Debug|Any CPU
		Release|Any CPU = Release|Any CPU
	EndGlobalSection
	GlobalSection(ProjectConfigurationPlatforms) = postSolution
		{8F311D91-4943-40DF-BC90-6E1A08E21989}.Debug|Any CPU.ActiveCfg = Debug|Any CPU
		{8F311D91-4943-40DF-BC90-6E1A08E21989}.Debug|Any CPU.Build.0 = Debug|Any CPU
		{8F311D91-4943-40DF-BC90-6E1A08E21989}.Release|Any CPU.ActiveCfg = Release|Any CPU
		{8F311D91-4943-40DF-BC90-6E1A08E21989}.Release|Any CPU.Build.0 = Release|Any CPU
		{65103A0C-D804-4655-89CE-E45D76E94DB3}.Debug|Any CPU.ActiveCfg = Debug|Any CPU
		{65103A0C-D804-4655-89CE-E45D76E94DB3}.Debug|Any CPU.Build.0 = Debug|Any CPU
		{65103A0C-D804-4655-89CE-E45D76E94DB3}.Release|Any CPU.ActiveCfg = Release|Any CPU
		{65103A0C-D804-4655-89CE-E45D76E94DB3}.Release|Any CPU.Build.0 = Release|Any CPU
		{D0272454-D4BF-40E7-9729-9F106EB51587}.Debug|Any CPU.ActiveCfg = Debug|Any CPU
		{D0272454-D4BF-40E7-9729-9F106EB51587}.Debug|Any CPU.Build.0 = Debug|Any CPU
		{D0272454-D4BF-40E7-9729-9F106EB51587}.Release|Any CPU.ActiveCfg = Release|Any CPU
		{D0272454-D4BF-40E7-9729-9F106EB51587}.Release|Any CPU.Build.0 = Release|Any CPU
		{81518F97-6D92-4FD5-A343-CEC67A1F72F5}.Debug|Any CPU.ActiveCfg = Debug|Any CPU
		{81518F97-6D92-4FD5-A343-CEC67A1F72F5}.Debug|Any CPU.Build.0 = Debug|Any CPU
		{81518F97-6D92-4FD5-A343-CEC67A1F72F5}.Release|Any CPU.ActiveCfg = Release|Any CPU
		{81518F97-6D92-4FD5-A343-CEC67A1F72F5}.Release|Any CPU.Build.0 = Release|Any CPU
	EndGlobalSection
	GlobalSection(SolutionProperties) = preSolution
		HideSolutionNode = FALSE
	EndGlobalSection
	GlobalSection(ExtensibilityGlobals) = postSolution
		SolutionGuid = {B553A701-E40D-442E-B55C-DE109DBDD44C}
	EndGlobalSection
EndGlobal
